
Microsoft Visual Studio Solution File, Format Version 12.00
# Visual Studio 15
VisualStudioVersion = 15.0.27004.2009
MinimumVisualStudioVersion = 10.0.40219.1
Project("{FAE04EC0-301F-11D3-BF4B-00C04F79EFBC}") = "Ch07_02", "Ch07_02\Ch07_02.csproj", "{02C300EC-90FA-41EB-9EB2-6450E67D08AD}"
EndProject
Global
	GlobalSection(SolutionConfigurationPlatforms) = preSolution
		Debug|Any CPU = Debug|Any CPU
		Release|Any CPU = Release|Any CPU
	EndGlobalSection
	GlobalSection(ProjectConfigurationPlatforms) = postSolution
		{02C300EC-90FA-41EB-9EB2-6450E67D08AD}.Debug|Any CPU.ActiveCfg = Debug|Any CPU
		{02C300EC-90FA-41EB-9EB2-6450E67D08AD}.Debug|Any CPU.Build.0 = Debug|Any CPU
		{02C300EC-90FA-41EB-9EB2-6450E67D08AD}.Release|Any CPU.ActiveCfg = Release|Any CPU
		{02C300EC-90FA-41EB-9EB2-6450E67D08AD}.Release|Any CPU.Build.0 = Release|Any CPU
	EndGlobalSection
	GlobalSection(SolutionProperties) = preSolution
		HideSolutionNode = FALSE
	EndGlobalSection
	GlobalSection(ExtensibilityGlobals) = postSolution
		SolutionGuid = {DD379706-E8CE-4746-BF6E-D1C1DF07062B}
	EndGlobalSection
EndGlobal
